
Microsoft Visual Studio Solution File, Format Version 12.00
# Visual Studio 15
VisualStudioVersion = 15.0.26124.0
MinimumVisualStudioVersion = 15.0.26124.0
Project("{2150E333-8FDC-42A3-9474-1A3956D46DE8}") = "src", "src", "{B7B82FB7-CFDF-4566-A948-F8FB701CD522}"
EndProject
Project("{FAE04EC0-301F-11D3-BF4B-00C04F79EFBC}") = "531", "src\531\531.csproj", "{47CCF741-124E-4BB0-BE40-AB0D514DB99E}"
EndProject
Project("{2150E333-8FDC-42A3-9474-1A3956D46DE8}") = "test", "test", "{38E7C3E0-002F-47C6-8D32-72FC52DF3702}"
EndProject
Project("{FAE04EC0-301F-11D3-BF4B-00C04F79EFBC}") = "531.Tests", "test\531.Tests\531.Tests.csproj", "{0D3A010D-9D16-4066-BC2C-FF5AF8C65DCF}"
EndProject
Global
	GlobalSection(SolutionConfigurationPlatforms) = preSolution
		Debug|Any CPU = Debug|Any CPU
		Debug|x64 = Debug|x64
		Debug|x86 = Debug|x86
		Release|Any CPU = Release|Any CPU
		Release|x64 = Release|x64
		Release|x86 = Release|x86
	EndGlobalSection
	GlobalSection(SolutionProperties) = preSolution
		HideSolutionNode = FALSE
	EndGlobalSection
	GlobalSection(ProjectConfigurationPlatforms) = postSolution
		{47CCF741-124E-4BB0-BE40-AB0D514DB99E}.Debug|Any CPU.ActiveCfg = Debug|Any CPU
		{47CCF741-124E-4BB0-BE40-AB0D514DB99E}.Debug|Any CPU.Build.0 = Debug|Any CPU
		{47CCF741-124E-4BB0-BE40-AB0D514DB99E}.Debug|x64.ActiveCfg = Debug|x64
		{47CCF741-124E-4BB0-BE40-AB0D514DB99E}.Debug|x64.Build.0 = Debug|x64
		{47CCF741-124E-4BB0-BE40-AB0D514DB99E}.Debug|x86.ActiveCfg = Debug|x86
		{47CCF741-124E-4BB0-BE40-AB0D514DB99E}.Debug|x86.Build.0 = Debug|x86
		{47CCF741-124E-4BB0-BE40-AB0D514DB99E}.Release|Any CPU.ActiveCfg = Release|Any CPU
		{47CCF741-124E-4BB0-BE40-AB0D514DB99E}.Release|Any CPU.Build.0 = Release|Any CPU
		{47CCF741-124E-4BB0-BE40-AB0D514DB99E}.Release|x64.ActiveCfg = Release|x64
		{47CCF741-124E-4BB0-BE40-AB0D514DB99E}.Release|x64.Build.0 = Release|x64
		{47CCF741-124E-4BB0-BE40-AB0D514DB99E}.Release|x86.ActiveCfg = Release|x86
		{47CCF741-124E-4BB0-BE40-AB0D514DB99E}.Release|x86.Build.0 = Release|x86
		{0D3A010D-9D16-4066-BC2C-FF5AF8C65DCF}.Debug|Any CPU.ActiveCfg = Debug|Any CPU
		{0D3A010D-9D16-4066-BC2C-FF5AF8C65DCF}.Debug|Any CPU.Build.0 = Debug|Any CPU
		{0D3A010D-9D16-4066-BC2C-FF5AF8C65DCF}.Debug|x64.ActiveCfg = Debug|x64
		{0D3A010D-9D16-4066-BC2C-FF5AF8C65DCF}.Debug|x64.Build.0 = Debug|x64
		{0D3A010D-9D16-4066-BC2C-FF5AF8C65DCF}.Debug|x86.ActiveCfg = Debug|x86
		{0D3A010D-9D16-4066-BC2C-FF5AF8C65DCF}.Debug|x86.Build.0 = Debug|x86
		{0D3A010D-9D16-4066-BC2C-FF5AF8C65DCF}.Release|Any CPU.ActiveCfg = Release|Any CPU
		{0D3A010D-9D16-4066-BC2C-FF5AF8C65DCF}.Release|Any CPU.Build.0 = Release|Any CPU
		{0D3A010D-9D16-4066-BC2C-FF5AF8C65DCF}.Release|x64.ActiveCfg = Release|x64
		{0D3A010D-9D16-4066-BC2C-FF5AF8C65DCF}.Release|x64.Build.0 = Release|x64
		{0D3A010D-9D16-4066-BC2C-FF5AF8C65DCF}.Release|x86.ActiveCfg = Release|x86
		{0D3A010D-9D16-4066-BC2C-FF5AF8C65DCF}.Release|x86.Build.0 = Release|x86
	EndGlobalSection
	GlobalSection(NestedProjects) = preSolution
		{47CCF741-124E-4BB0-BE40-AB0D514DB99E} = {B7B82FB7-CFDF-4566-A948-F8FB701CD522}
		{0D3A010D-9D16-4066-BC2C-FF5AF8C65DCF} = {38E7C3E0-002F-47C6-8D32-72FC52DF3702}
	EndGlobalSection
EndGlobal
